// !$*UTF8*$!
{
	archiveVersion = 1;
	classes = {
	};
	objectVersion = 46;
	objects = {

/* Begin PBXBuildFile section */
		7AF054CABE4D17B174EED36F /* Pods_Twift.framework in Frameworks */ = {isa = PBXBuildFile; fileRef = 29B55015AB91906EC096A3BC /* Pods_Twift.framework */; };
		C9030A281F794EBE0037694E /* AppDelegate.swift in Sources */ = {isa = PBXBuildFile; fileRef = C9030A271F794EBE0037694E /* AppDelegate.swift */; };
		C9030A2A1F794EBE0037694E /* HomeViewController.swift in Sources */ = {isa = PBXBuildFile; fileRef = C9030A291F794EBE0037694E /* HomeViewController.swift */; };
		C9030A2F1F794EBE0037694E /* Assets.xcassets in Resources */ = {isa = PBXBuildFile; fileRef = C9030A2E1F794EBE0037694E /* Assets.xcassets */; };
		C92176681F7A5E9F00897134 /* DeviceUsersViewController.swift in Sources */ = {isa = PBXBuildFile; fileRef = C92176671F7A5E9F00897134 /* DeviceUsersViewController.swift */; };
		C921766B1F7A694200897134 /* User.swift in Sources */ = {isa = PBXBuildFile; fileRef = C921766A1F7A694200897134 /* User.swift */; };
		C921766E1F7A72EC00897134 /* Common.swift in Sources */ = {isa = PBXBuildFile; fileRef = C921766D1F7A72EC00897134 /* Common.swift */; };
		C92176751F7B3D9700897134 /* OAuthTwitter.swift in Sources */ = {isa = PBXBuildFile; fileRef = C92176741F7B3D9700897134 /* OAuthTwitter.swift */; };
		C9C31E981F7FE26E004EE22C /* Tweet.swift in Sources */ = {isa = PBXBuildFile; fileRef = C9C31E971F7FE26E004EE22C /* Tweet.swift */; };
		C9C57E711F807476007C5E06 /* Requests.swift in Sources */ = {isa = PBXBuildFile; fileRef = C9C57E701F807476007C5E06 /* Requests.swift */; };
		C9C57E761F807F18007C5E06 /* TweetDetailViewController.swift in Sources */ = {isa = PBXBuildFile; fileRef = C9C57E751F807F18007C5E06 /* TweetDetailViewController.swift */; };
		C9C57E781F809C5D007C5E06 /* TweetDetail.swift in Sources */ = {isa = PBXBuildFile; fileRef = C9C57E771F809C5D007C5E06 /* TweetDetail.swift */; };
		C9C57E7A1F80D254007C5E06 /* DeviceUsersView.storyboard in Resources */ = {isa = PBXBuildFile; fileRef = C9C57E791F80D254007C5E06 /* DeviceUsersView.storyboard */; };
		C9C57E7C1F80D522007C5E06 /* TweetDetailView.storyboard in Resources */ = {isa = PBXBuildFile; fileRef = C9C57E7B1F80D522007C5E06 /* TweetDetailView.storyboard */; };
		C9C57E7F1F80DBBB007C5E06 /* LaunchScreen.storyboard in Resources */ = {isa = PBXBuildFile; fileRef = C9C57E7D1F80DBBB007C5E06 /* LaunchScreen.storyboard */; };
		C9C57E801F80DBBB007C5E06 /* Main.storyboard in Resources */ = {isa = PBXBuildFile; fileRef = C9C57E7E1F80DBBB007C5E06 /* Main.storyboard */; };
/* End PBXBuildFile section */

/* Begin PBXFileReference section */
		29B55015AB91906EC096A3BC /* Pods_Twift.framework */ = {isa = PBXFileReference; explicitFileType = wrapper.framework; includeInIndex = 0; path = Pods_Twift.framework; sourceTree = BUILT_PRODUCTS_DIR; };
		61EF3741188539F7C6E4B7C8 /* Pods-Twift.debug.xcconfig */ = {isa = PBXFileReference; includeInIndex = 1; lastKnownFileType = text.xcconfig; name = "Pods-Twift.debug.xcconfig"; path = "Pods/Target Support Files/Pods-Twift/Pods-Twift.debug.xcconfig"; sourceTree = "<group>"; };
		B576E70D733BE792CEEE9D85 /* Pods-Twift.release.xcconfig */ = {isa = PBXFileReference; includeInIndex = 1; lastKnownFileType = text.xcconfig; name = "Pods-Twift.release.xcconfig"; path = "Pods/Target Support Files/Pods-Twift/Pods-Twift.release.xcconfig"; sourceTree = "<group>"; };
		C9030A241F794EBE0037694E /* Twift.app */ = {isa = PBXFileReference; explicitFileType = wrapper.application; includeInIndex = 0; path = Twift.app; sourceTree = BUILT_PRODUCTS_DIR; };
		C9030A271F794EBE0037694E /* AppDelegate.swift */ = {isa = PBXFileReference; lastKnownFileType = sourcecode.swift; path = AppDelegate.swift; sourceTree = "<group>"; };
		C9030A291F794EBE0037694E /* HomeViewController.swift */ = {isa = PBXFileReference; lastKnownFileType = sourcecode.swift; path = HomeViewController.swift; sourceTree = "<group>"; };
		C9030A2E1F794EBE0037694E /* Assets.xcassets */ = {isa = PBXFileReference; lastKnownFileType = folder.assetcatalog; path = Assets.xcassets; sourceTree = "<group>"; };
		C9030A331F794EBE0037694E /* Info.plist */ = {isa = PBXFileReference; lastKnownFileType = text.plist.xml; path = Info.plist; sourceTree = "<group>"; };
		C92176671F7A5E9F00897134 /* DeviceUsersViewController.swift */ = {isa = PBXFileReference; fileEncoding = 4; lastKnownFileType = sourcecode.swift; path = DeviceUsersViewController.swift; sourceTree = "<group>"; };
		C921766A1F7A694200897134 /* User.swift */ = {isa = PBXFileReference; fileEncoding = 4; lastKnownFileType = sourcecode.swift; path = User.swift; sourceTree = "<group>"; };
		C921766D1F7A72EC00897134 /* Common.swift */ = {isa = PBXFileReference; fileEncoding = 4; lastKnownFileType = sourcecode.swift; path = Common.swift; sourceTree = "<group>"; };
		C92176741F7B3D9700897134 /* OAuthTwitter.swift */ = {isa = PBXFileReference; fileEncoding = 4; lastKnownFileType = sourcecode.swift; path = OAuthTwitter.swift; sourceTree = "<group>"; };
		C9C31E971F7FE26E004EE22C /* Tweet.swift */ = {isa = PBXFileReference; lastKnownFileType = sourcecode.swift; path = Tweet.swift; sourceTree = "<group>"; };
		C9C57E701F807476007C5E06 /* Requests.swift */ = {isa = PBXFileReference; lastKnownFileType = sourcecode.swift; path = Requests.swift; sourceTree = "<group>"; };
		C9C57E751F807F18007C5E06 /* TweetDetailViewController.swift */ = {isa = PBXFileReference; lastKnownFileType = sourcecode.swift; path = TweetDetailViewController.swift; sourceTree = "<group>"; };
		C9C57E771F809C5D007C5E06 /* TweetDetail.swift */ = {isa = PBXFileReference; lastKnownFileType = sourcecode.swift; path = TweetDetail.swift; sourceTree = "<group>"; };
		C9C57E791F80D254007C5E06 /* DeviceUsersView.storyboard */ = {isa = PBXFileReference; lastKnownFileType = file.storyboard; path = DeviceUsersView.storyboard; sourceTree = "<group>"; };
		C9C57E7B1F80D522007C5E06 /* TweetDetailView.storyboard */ = {isa = PBXFileReference; lastKnownFileType = file.storyboard; path = TweetDetailView.storyboard; sourceTree = "<group>"; };
		C9C57E7D1F80DBBB007C5E06 /* LaunchScreen.storyboard */ = {isa = PBXFileReference; fileEncoding = 4; lastKnownFileType = file.storyboard; path = LaunchScreen.storyboard; sourceTree = "<group>"; };
		C9C57E7E1F80DBBB007C5E06 /* Main.storyboard */ = {isa = PBXFileReference; fileEncoding = 4; lastKnownFileType = file.storyboard; path = Main.storyboard; sourceTree = "<group>"; };
/* End PBXFileReference section */

/* Begin PBXFrameworksBuildPhase section */
		C9030A211F794EBD0037694E /* Frameworks */ = {
			isa = PBXFrameworksBuildPhase;
			buildActionMask = 2147483647;
			files = (
				7AF054CABE4D17B174EED36F /* Pods_Twift.framework in Frameworks */,
			);
			runOnlyForDeploymentPostprocessing = 0;
		};
/* End PBXFrameworksBuildPhase section */

/* Begin PBXGroup section */
		0FBFA044F17BD0BFFAD75BE1 /* Pods */ = {
			isa = PBXGroup;
			children = (
				61EF3741188539F7C6E4B7C8 /* Pods-Twift.debug.xcconfig */,
				B576E70D733BE792CEEE9D85 /* Pods-Twift.release.xcconfig */,
			);
			name = Pods;
			sourceTree = "<group>";
		};
		B824B3D48C181F338C8BEBDF /* Frameworks */ = {
			isa = PBXGroup;
			children = (
				29B55015AB91906EC096A3BC /* Pods_Twift.framework */,
			);
			name = Frameworks;
			sourceTree = "<group>";
		};
		C9030A1B1F794EBD0037694E = {
			isa = PBXGroup;
			children = (
				B824B3D48C181F338C8BEBDF /* Frameworks */,
				0FBFA044F17BD0BFFAD75BE1 /* Pods */,
				C9030A251F794EBE0037694E /* Products */,
				C9030A261F794EBE0037694E /* Twift */,
			);
			sourceTree = "<group>";
		};
		C9030A251F794EBE0037694E /* Products */ = {
			isa = PBXGroup;
			children = (
				C9030A241F794EBE0037694E /* Twift.app */,
			);
			name = Products;
			sourceTree = "<group>";
		};
		C9030A261F794EBE0037694E /* Twift */ = {
			isa = PBXGroup;
			children = (
				C9C57E741F80783D007C5E06 /* Resources */,
				C9C57E731F80781C007C5E06 /* Source */,
				C9030A271F794EBE0037694E /* AppDelegate.swift */,
			);
			path = Twift;
			sourceTree = "<group>";
		};
		C92176691F7A690800897134 /* Controllers */ = {
			isa = PBXGroup;
			children = (
				C92176671F7A5E9F00897134 /* DeviceUsersViewController.swift */,
				C9C57E751F807F18007C5E06 /* TweetDetailViewController.swift */,
				C9030A291F794EBE0037694E /* HomeViewController.swift */,
			);
			path = Controllers;
			sourceTree = "<group>";
		};
		C921766C1F7A694800897134 /* Models */ = {
			isa = PBXGroup;
			children = (
				C9C57E721F8075E6007C5E06 /* TwitterObjects */,
				C921766D1F7A72EC00897134 /* Common.swift */,
				C92176741F7B3D9700897134 /* OAuthTwitter.swift */,
				C9C57E701F807476007C5E06 /* Requests.swift */,
			);
			path = Models;
			sourceTree = "<group>";
		};
		C921766F1F7A784700897134 /* Views */ = {
			isa = PBXGroup;
			children = (
				C9C57E7D1F80DBBB007C5E06 /* LaunchScreen.storyboard */,
				C9C57E7E1F80DBBB007C5E06 /* Main.storyboard */,
				C9C57E791F80D254007C5E06 /* DeviceUsersView.storyboard */,
				C9C57E7B1F80D522007C5E06 /* TweetDetailView.storyboard */,
			);
			path = Views;
			sourceTree = "<group>";
		};
		C9C57E721F8075E6007C5E06 /* TwitterObjects */ = {
			isa = PBXGroup;
			children = (
				C9C31E971F7FE26E004EE22C /* Tweet.swift */,
				C9C57E771F809C5D007C5E06 /* TweetDetail.swift */,
				C921766A1F7A694200897134 /* User.swift */,
			);
			path = TwitterObjects;
			sourceTree = "<group>";
		};
		C9C57E731F80781C007C5E06 /* Source */ = {
			isa = PBXGroup;
			children = (
				C92176691F7A690800897134 /* Controllers */,
				C921766C1F7A694800897134 /* Models */,
				C921766F1F7A784700897134 /* Views */,
			);
			path = Source;
			sourceTree = "<group>";
		};
		C9C57E741F80783D007C5E06 /* Resources */ = {
			isa = PBXGroup;
			children = (
				C9030A2E1F794EBE0037694E /* Assets.xcassets */,
				C9030A331F794EBE0037694E /* Info.plist */,
			);
			path = Resources;
			sourceTree = "<group>";
		};
/* End PBXGroup section */

/* Begin PBXNativeTarget section */
		C9030A231F794EBD0037694E /* Twift */ = {
			isa = PBXNativeTarget;
			buildConfigurationList = C9030A361F794EBE0037694E /* Build configuration list for PBXNativeTarget "Twift" */;
			buildPhases = (
				A4EB470353ADC21C298AD815 /* [CP] Check Pods Manifest.lock */,
				C9030A201F794EBD0037694E /* Sources */,
				C9030A211F794EBD0037694E /* Frameworks */,
				C9030A221F794EBD0037694E /* Resources */,
				5DB0235D011CC82E930132F9 /* [CP] Embed Pods Frameworks */,
				DA0CACC409525B523735C6C3 /* [CP] Copy Pods Resources */,
			);
			buildRules = (
			);
			dependencies = (
			);
			name = Twift;
			productName = Twift;
			productReference = C9030A241F794EBE0037694E /* Twift.app */;
			productType = "com.apple.product-type.application";
		};
/* End PBXNativeTarget section */

/* Begin PBXProject section */
		C9030A1C1F794EBD0037694E /* Project object */ = {
			isa = PBXProject;
			attributes = {
				LastSwiftUpdateCheck = 0830;
				LastUpgradeCheck = 0900;
				ORGANIZATIONNAME = Taillook;
				TargetAttributes = {
					C9030A231F794EBD0037694E = {
						CreatedOnToolsVersion = 8.3.3;
						DevelopmentTeam = YS65CTH2V7;
						LastSwiftMigration = 0900;
						ProvisioningStyle = Automatic;
					};
				};
			};
			buildConfigurationList = C9030A1F1F794EBD0037694E /* Build configuration list for PBXProject "Twift" */;
			compatibilityVersion = "Xcode 3.2";
			developmentRegion = English;
			hasScannedForEncodings = 0;
			knownRegions = (
				en,
				Base,
			);
			mainGroup = C9030A1B1F794EBD0037694E;
			productRefGroup = C9030A251F794EBE0037694E /* Products */;
			projectDirPath = "";
			projectRoot = "";
			targets = (
				C9030A231F794EBD0037694E /* Twift */,
			);
		};
/* End PBXProject section */

/* Begin PBXResourcesBuildPhase section */
		C9030A221F794EBD0037694E /* Resources */ = {
			isa = PBXResourcesBuildPhase;
			buildActionMask = 2147483647;
			files = (
				C9C57E801F80DBBB007C5E06 /* Main.storyboard in Resources */,
				C9030A2F1F794EBE0037694E /* Assets.xcassets in Resources */,
				C9C57E7A1F80D254007C5E06 /* DeviceUsersView.storyboard in Resources */,
				C9C57E7F1F80DBBB007C5E06 /* LaunchScreen.storyboard in Resources */,
				C9C57E7C1F80D522007C5E06 /* TweetDetailView.storyboard in Resources */,
			);
			runOnlyForDeploymentPostprocessing = 0;
		};
/* End PBXResourcesBuildPhase section */

/* Begin PBXShellScriptBuildPhase section */
		5DB0235D011CC82E930132F9 /* [CP] Embed Pods Frameworks */ = {
			isa = PBXShellScriptBuildPhase;
			buildActionMask = 2147483647;
			files = (
			);
			inputPaths = (
				"${SRCROOT}/Pods/Target Support Files/Pods-Twift/Pods-Twift-frameworks.sh",
				"${BUILT_PRODUCTS_DIR}/Alamofire/Alamofire.framework",
				"${BUILT_PRODUCTS_DIR}/OAuthSwift/OAuthSwift.framework",
				"${BUILT_PRODUCTS_DIR}/ObjectMapper/ObjectMapper.framework",
				"${BUILT_PRODUCTS_DIR}/SDWebImage/SDWebImage.framework",
			);
			name = "[CP] Embed Pods Frameworks";
			outputPaths = (
				"${TARGET_BUILD_DIR}/${FRAMEWORKS_FOLDER_PATH}/Alamofire.framework",
				"${TARGET_BUILD_DIR}/${FRAMEWORKS_FOLDER_PATH}/OAuthSwift.framework",
				"${TARGET_BUILD_DIR}/${FRAMEWORKS_FOLDER_PATH}/ObjectMapper.framework",
				"${TARGET_BUILD_DIR}/${FRAMEWORKS_FOLDER_PATH}/SDWebImage.framework",
			);
			runOnlyForDeploymentPostprocessing = 0;
			shellPath = /bin/sh;
			shellScript = "\"${SRCROOT}/Pods/Target Support Files/Pods-Twift/Pods-Twift-frameworks.sh\"\n";
			showEnvVarsInLog = 0;
		};
		A4EB470353ADC21C298AD815 /* [CP] Check Pods Manifest.lock */ = {
			isa = PBXShellScriptBuildPhase;
			buildActionMask = 2147483647;
			files = (
			);
			inputPaths = (
				"${PODS_PODFILE_DIR_PATH}/Podfile.lock",
				"${PODS_ROOT}/Manifest.lock",
			);
			name = "[CP] Check Pods Manifest.lock";
			outputPaths = (
				"$(DERIVED_FILE_DIR)/Pods-Twift-checkManifestLockResult.txt",
			);
			runOnlyForDeploymentPostprocessing = 0;
			shellPath = /bin/sh;
			shellScript = "diff \"${PODS_PODFILE_DIR_PATH}/Podfile.lock\" \"${PODS_ROOT}/Manifest.lock\" > /dev/null\nif [ $? != 0 ] ; then\n    # print error to STDERR\n    echo \"error: The sandbox is not in sync with the Podfile.lock. Run 'pod install' or update your CocoaPods installation.\" >&2\n    exit 1\nfi\n# This output is used by Xcode 'outputs' to avoid re-running this script phase.\necho \"SUCCESS\" > \"${SCRIPT_OUTPUT_FILE_0}\"\n";
			showEnvVarsInLog = 0;
		};
		DA0CACC409525B523735C6C3 /* [CP] Copy Pods Resources */ = {
			isa = PBXShellScriptBuildPhase;
			buildActionMask = 2147483647;
			files = (
			);
			inputPaths = (
			);
			name = "[CP] Copy Pods Resources";
			outputPaths = (
			);
			runOnlyForDeploymentPostprocessing = 0;
			shellPath = /bin/sh;
			shellScript = "\"${SRCROOT}/Pods/Target Support Files/Pods-Twift/Pods-Twift-resources.sh\"\n";
			showEnvVarsInLog = 0;
		};
/* End PBXShellScriptBuildPhase section */

/* Begin PBXSourcesBuildPhase section */
		C9030A201F794EBD0037694E /* Sources */ = {
			isa = PBXSourcesBuildPhase;
			buildActionMask = 2147483647;
			files = (
				C921766B1F7A694200897134 /* User.swift in Sources */,
				C92176751F7B3D9700897134 /* OAuthTwitter.swift in Sources */,
				C9C57E761F807F18007C5E06 /* TweetDetailViewController.swift in Sources */,
				C9030A2A1F794EBE0037694E /* HomeViewController.swift in Sources */,
				C9C31E981F7FE26E004EE22C /* Tweet.swift in Sources */,
				C921766E1F7A72EC00897134 /* Common.swift in Sources */,
				C9C57E781F809C5D007C5E06 /* TweetDetail.swift in Sources */,
				C9C57E711F807476007C5E06 /* Requests.swift in Sources */,
				C9030A281F794EBE0037694E /* AppDelegate.swift in Sources */,
				C92176681F7A5E9F00897134 /* DeviceUsersViewController.swift in Sources */,
			);
			runOnlyForDeploymentPostprocessing = 0;
		};
/* End PBXSourcesBuildPhase section */

/* Begin XCBuildConfiguration section */
		C9030A341F794EBE0037694E /* Debug */ = {
			isa = XCBuildConfiguration;
			buildSettings = {
				ALWAYS_SEARCH_USER_PATHS = NO;
				CLANG_ANALYZER_NONNULL = YES;
				CLANG_ANALYZER_NUMBER_OBJECT_CONVERSION = YES_AGGRESSIVE;
				CLANG_CXX_LANGUAGE_STANDARD = "gnu++0x";
				CLANG_CXX_LIBRARY = "libc++";
				CLANG_ENABLE_MODULES = YES;
				CLANG_ENABLE_OBJC_ARC = YES;
				CLANG_WARN_BLOCK_CAPTURE_AUTORELEASING = YES;
				CLANG_WARN_BOOL_CONVERSION = YES;
				CLANG_WARN_COMMA = YES;
				CLANG_WARN_CONSTANT_CONVERSION = YES;
				CLANG_WARN_DIRECT_OBJC_ISA_USAGE = YES_ERROR;
				CLANG_WARN_DOCUMENTATION_COMMENTS = YES;
				CLANG_WARN_EMPTY_BODY = YES;
				CLANG_WARN_ENUM_CONVERSION = YES;
				CLANG_WARN_INFINITE_RECURSION = YES;
				CLANG_WARN_INT_CONVERSION = YES;
				CLANG_WARN_NON_LITERAL_NULL_CONVERSION = YES;
				CLANG_WARN_OBJC_LITERAL_CONVERSION = YES;
				CLANG_WARN_OBJC_ROOT_CLASS = YES_ERROR;
				CLANG_WARN_RANGE_LOOP_ANALYSIS = YES;
				CLANG_WARN_STRICT_PROTOTYPES = YES;
				CLANG_WARN_SUSPICIOUS_MOVE = YES;
				CLANG_WARN_UNREACHABLE_CODE = YES;
				CLANG_WARN__DUPLICATE_METHOD_MATCH = YES;
				"CODE_SIGN_IDENTITY[sdk=iphoneos*]" = "iPhone Developer";
				COPY_PHASE_STRIP = NO;
				DEBUG_INFORMATION_FORMAT = dwarf;
				ENABLE_STRICT_OBJC_MSGSEND = YES;
				ENABLE_TESTABILITY = YES;
				GCC_C_LANGUAGE_STANDARD = gnu99;
				GCC_DYNAMIC_NO_PIC = NO;
				GCC_NO_COMMON_BLOCKS = YES;
				GCC_OPTIMIZATION_LEVEL = 0;
				GCC_PREPROCESSOR_DEFINITIONS = (
					"DEBUG=1",
					"$(inherited)",
				);
				GCC_WARN_64_TO_32_BIT_CONVERSION = YES;
				GCC_WARN_ABOUT_RETURN_TYPE = YES_ERROR;
				GCC_WARN_UNDECLARED_SELECTOR = YES;
				GCC_WARN_UNINITIALIZED_AUTOS = YES_AGGRESSIVE;
				GCC_WARN_UNUSED_FUNCTION = YES;
				GCC_WARN_UNUSED_VARIABLE = YES;
				IPHONEOS_DEPLOYMENT_TARGET = 10.3;
				MTL_ENABLE_DEBUG_INFO = YES;
				ONLY_ACTIVE_ARCH = YES;
				SDKROOT = iphoneos;
				SWIFT_ACTIVE_COMPILATION_CONDITIONS = DEBUG;
				SWIFT_OPTIMIZATION_LEVEL = "-Onone";
			};
			name = Debug;
		};
		C9030A351F794EBE0037694E /* Release */ = {
			isa = XCBuildConfiguration;
			buildSettings = {
				ALWAYS_SEARCH_USER_PATHS = NO;
				CLANG_ANALYZER_NONNULL = YES;
				CLANG_ANALYZER_NUMBER_OBJECT_CONVERSION = YES_AGGRESSIVE;
				CLANG_CXX_LANGUAGE_STANDARD = "gnu++0x";
				CLANG_CXX_LIBRARY = "libc++";
				CLANG_ENABLE_MODULES = YES;
				CLANG_ENABLE_OBJC_ARC = YES;
				CLANG_WARN_BLOCK_CAPTURE_AUTORELEASING = YES;
				CLANG_WARN_BOOL_CONVERSION = YES;
				CLANG_WARN_COMMA = YES;
				CLANG_WARN_CONSTANT_CONVERSION = YES;
				CLANG_WARN_DIRECT_OBJC_ISA_USAGE = YES_ERROR;
				CLANG_WARN_DOCUMENTATION_COMMENTS = YES;
				CLANG_WARN_EMPTY_BODY = YES;
				CLANG_WARN_ENUM_CONVERSION = YES;
				CLANG_WARN_INFINITE_RECURSION = YES;
				CLANG_WARN_INT_CONVERSION = YES;
				CLANG_WARN_NON_LITERAL_NULL_CONVERSION = YES;
				CLANG_WARN_OBJC_LITERAL_CONVERSION = YES;
				CLANG_WARN_OBJC_ROOT_CLASS = YES_ERROR;
				CLANG_WARN_RANGE_LOOP_ANALYSIS = YES;
				CLANG_WARN_STRICT_PROTOTYPES = YES;
				CLANG_WARN_SUSPICIOUS_MOVE = YES;
				CLANG_WARN_UNREACHABLE_CODE = YES;
				CLANG_WARN__DUPLICATE_METHOD_MATCH = YES;
				"CODE_SIGN_IDENTITY[sdk=iphoneos*]" = "iPhone Developer";
				COPY_PHASE_STRIP = NO;
				DEBUG_INFORMATION_FORMAT = "dwarf-with-dsym";
				ENABLE_NS_ASSERTIONS = NO;
				ENABLE_STRICT_OBJC_MSGSEND = YES;
				GCC_C_LANGUAGE_STANDARD = gnu99;
				GCC_NO_COMMON_BLOCKS = YES;
				GCC_WARN_64_TO_32_BIT_CONVERSION = YES;
				GCC_WARN_ABOUT_RETURN_TYPE = YES_ERROR;
				GCC_WARN_UNDECLARED_SELECTOR = YES;
				GCC_WARN_UNINITIALIZED_AUTOS = YES_AGGRESSIVE;
				GCC_WARN_UNUSED_FUNCTION = YES;
				GCC_WARN_UNUSED_VARIABLE = YES;
				IPHONEOS_DEPLOYMENT_TARGET = 10.3;
				MTL_ENABLE_DEBUG_INFO = NO;
				SDKROOT = iphoneos;
				SWIFT_OPTIMIZATION_LEVEL = "-Owholemodule";
				VALIDATE_PRODUCT = YES;
			};
			name = Release;
		};
		C9030A371F794EBE0037694E /* Debug */ = {
			isa = XCBuildConfiguration;
			baseConfigurationReference = 61EF3741188539F7C6E4B7C8 /* Pods-Twift.debug.xcconfig */;
			buildSettings = {
				ASSETCATALOG_COMPILER_APPICON_NAME = AppIcon;
				DEVELOPMENT_TEAM = YS65CTH2V7;
				INFOPLIST_FILE = "$(SRCROOT)/Twift/Resources/Info.plist";
				IPHONEOS_DEPLOYMENT_TARGET = 10.3;
				LD_RUNPATH_SEARCH_PATHS = "$(inherited) @executable_path/Frameworks";
				PRODUCT_BUNDLE_IDENTIFIER = net.grapebread.Twift;
				PRODUCT_NAME = "$(TARGET_NAME)";
				SWIFT_OBJC_BRIDGING_HEADER = "";
				SWIFT_VERSION = 3.0;
			};
			name = Debug;
		};
		C9030A381F794EBE0037694E /* Release */ = {
			isa = XCBuildConfiguration;
			baseConfigurationReference = B576E70D733BE792CEEE9D85 /* Pods-Twift.release.xcconfig */;
			buildSettings = {
				ASSETCATALOG_COMPILER_APPICON_NAME = AppIcon;
				DEVELOPMENT_TEAM = YS65CTH2V7;
				INFOPLIST_FILE = "$(SRCROOT)/Twift/Resources/Info.plist";
				IPHONEOS_DEPLOYMENT_TARGET = 10.3;
				LD_RUNPATH_SEARCH_PATHS = "$(inherited) @executable_path/Frameworks";
				PRODUCT_BUNDLE_IDENTIFIER = net.grapebread.Twift;
				PRODUCT_NAME = "$(TARGET_NAME)";
				SWIFT_OBJC_BRIDGING_HEADER = "";
				SWIFT_VERSION = 3.0;
			};
			name = Release;
		};
/* End XCBuildConfiguration section */

/* Begin XCConfigurationList section */
		C9030A1F1F794EBD0037694E /* Build configuration list for PBXProject "Twift" */ = {
			isa = XCConfigurationList;
			buildConfigurations = (
				C9030A341F794EBE0037694E /* Debug */,
				C9030A351F794EBE0037694E /* Release */,
			);
			defaultConfigurationIsVisible = 0;
			defaultConfigurationName = Release;
		};
		C9030A361F794EBE0037694E /* Build configuration list for PBXNativeTarget "Twift" */ = {
			isa = XCConfigurationList;
			buildConfigurations = (
				C9030A371F794EBE0037694E /* Debug */,
				C9030A381F794EBE0037694E /* Release */,
			);
			defaultConfigurationIsVisible = 0;
			defaultConfigurationName = Release;
		};
/* End XCConfigurationList section */
	};
	rootObject = C9030A1C1F794EBD0037694E /* Project object */;
}
